// !$*UTF8*$!
{
	archiveVersion = 1;
	classes = {
	};
	objectVersion = 48;
	objects = {

/* Begin PBXBuildFile section */
		F5D2114A1FCAFE0400FB5869 /* AppDelegate.swift in Sources */ = {isa = PBXBuildFile; fileRef = F5D211491FCAFE0400FB5869 /* AppDelegate.swift */; };
		F5D2114C1FCAFE0400FB5869 /* ViewController.swift in Sources */ = {isa = PBXBuildFile; fileRef = F5D2114B1FCAFE0400FB5869 /* ViewController.swift */; };
		F5D2114F1FCAFE0400FB5869 /* Main.storyboard in Resources */ = {isa = PBXBuildFile; fileRef = F5D2114D1FCAFE0400FB5869 /* Main.storyboard */; };
		F5D211511FCAFE0400FB5869 /* Assets.xcassets in Resources */ = {isa = PBXBuildFile; fileRef = F5D211501FCAFE0400FB5869 /* Assets.xcassets */; };
		F5D211541FCAFE0400FB5869 /* LaunchScreen.storyboard in Resources */ = {isa = PBXBuildFile; fileRef = F5D211521FCAFE0400FB5869 /* LaunchScreen.storyboard */; };
		F5D2115F1FCB3FD600FB5869 /* Dice.swift in Sources */ = {isa = PBXBuildFile; fileRef = F5D2115E1FCB3FD600FB5869 /* Dice.swift */; };
		F5D211611FCB462600FB5869 /* Player.swift in Sources */ = {isa = PBXBuildFile; fileRef = F5D211601FCB462500FB5869 /* Player.swift */; };
		F5D211631FCB4A0F00FB5869 /* Game.swift in Sources */ = {isa = PBXBuildFile; fileRef = F5D211621FCB4A0F00FB5869 /* Game.swift */; };
/* End PBXBuildFile section */

/* Begin PBXFileReference section */
		F5D211461FCAFE0400FB5869 /* 2PlayerDice.app */ = {isa = PBXFileReference; explicitFileType = wrapper.application; includeInIndex = 0; path = 2PlayerDice.app; sourceTree = BUILT_PRODUCTS_DIR; };
		F5D211491FCAFE0400FB5869 /* AppDelegate.swift */ = {isa = PBXFileReference; lastKnownFileType = sourcecode.swift; path = AppDelegate.swift; sourceTree = "<group>"; };
		F5D2114B1FCAFE0400FB5869 /* ViewController.swift */ = {isa = PBXFileReference; lastKnownFileType = sourcecode.swift; path = ViewController.swift; sourceTree = "<group>"; };
		F5D2114E1FCAFE0400FB5869 /* Base */ = {isa = PBXFileReference; lastKnownFileType = file.storyboard; name = Base; path = Base.lproj/Main.storyboard; sourceTree = "<group>"; };
		F5D211501FCAFE0400FB5869 /* Assets.xcassets */ = {isa = PBXFileReference; lastKnownFileType = folder.assetcatalog; path = Assets.xcassets; sourceTree = "<group>"; };
		F5D211531FCAFE0400FB5869 /* Base */ = {isa = PBXFileReference; lastKnownFileType = file.storyboard; name = Base; path = Base.lproj/LaunchScreen.storyboard; sourceTree = "<group>"; };
		F5D211551FCAFE0400FB5869 /* Info.plist */ = {isa = PBXFileReference; lastKnownFileType = text.plist.xml; path = Info.plist; sourceTree = "<group>"; };
		F5D2115E1FCB3FD600FB5869 /* Dice.swift */ = {isa = PBXFileReference; lastKnownFileType = sourcecode.swift; path = Dice.swift; sourceTree = "<group>"; };
		F5D211601FCB462500FB5869 /* Player.swift */ = {isa = PBXFileReference; lastKnownFileType = sourcecode.swift; path = Player.swift; sourceTree = "<group>"; };
		F5D211621FCB4A0F00FB5869 /* Game.swift */ = {isa = PBXFileReference; lastKnownFileType = sourcecode.swift; path = Game.swift; sourceTree = "<group>"; };
/* End PBXFileReference section */

/* Begin PBXFrameworksBuildPhase section */
		F5D211431FCAFE0400FB5869 /* Frameworks */ = {
			isa = PBXFrameworksBuildPhase;
			buildActionMask = 2147483647;
			files = (
			);
			runOnlyForDeploymentPostprocessing = 0;
		};
/* End PBXFrameworksBuildPhase section */

/* Begin PBXGroup section */
		F5D2113D1FCAFE0400FB5869 = {
			isa = PBXGroup;
			children = (
				F5D211481FCAFE0400FB5869 /* 2PlayerDice */,
				F5D211471FCAFE0400FB5869 /* Products */,
			);
			sourceTree = "<group>";
		};
		F5D211471FCAFE0400FB5869 /* Products */ = {
			isa = PBXGroup;
			children = (
				F5D211461FCAFE0400FB5869 /* 2PlayerDice.app */,
			);
			name = Products;
			sourceTree = "<group>";
		};
		F5D211481FCAFE0400FB5869 /* 2PlayerDice */ = {
			isa = PBXGroup;
			children = (
				F5D2115D1FCAFEC500FB5869 /* Model */,
				F5D2115B1FCAFE8C00FB5869 /* Controller */,
				F5D2115C1FCAFEB600FB5869 /* View */,
				F5D211551FCAFE0400FB5869 /* Info.plist */,
			);
			path = 2PlayerDice;
			sourceTree = "<group>";
		};
		F5D2115B1FCAFE8C00FB5869 /* Controller */ = {
			isa = PBXGroup;
			children = (
				F5D211491FCAFE0400FB5869 /* AppDelegate.swift */,
				F5D2114B1FCAFE0400FB5869 /* ViewController.swift */,
			);
			path = Controller;
			sourceTree = "<group>";
		};
		F5D2115C1FCAFEB600FB5869 /* View */ = {
			isa = PBXGroup;
			children = (
				F5D2114D1FCAFE0400FB5869 /* Main.storyboard */,
				F5D211501FCAFE0400FB5869 /* Assets.xcassets */,
				F5D211521FCAFE0400FB5869 /* LaunchScreen.storyboard */,
			);
			path = View;
			sourceTree = "<group>";
		};
		F5D2115D1FCAFEC500FB5869 /* Model */ = {
			isa = PBXGroup;
			children = (
				F5D2115E1FCB3FD600FB5869 /* Dice.swift */,
				F5D211601FCB462500FB5869 /* Player.swift */,
				F5D211621FCB4A0F00FB5869 /* Game.swift */,
			);
			path = Model;
			sourceTree = "<group>";
		};
/* End PBXGroup section */

/* Begin PBXNativeTarget section */
		F5D211451FCAFE0400FB5869 /* 2PlayerDice */ = {
			isa = PBXNativeTarget;
			buildConfigurationList = F5D211581FCAFE0400FB5869 /* Build configuration list for PBXNativeTarget "2PlayerDice" */;
			buildPhases = (
				F5D211421FCAFE0400FB5869 /* Sources */,
				F5D211431FCAFE0400FB5869 /* Frameworks */,
				F5D211441FCAFE0400FB5869 /* Resources */,
			);
			buildRules = (
			);
			dependencies = (
			);
			name = 2PlayerDice;
			productName = 2PlayerDice;
			productReference = F5D211461FCAFE0400FB5869 /* 2PlayerDice.app */;
			productType = "com.apple.product-type.application";
		};
/* End PBXNativeTarget section */

/* Begin PBXProject section */
		F5D2113E1FCAFE0400FB5869 /* Project object */ = {
			isa = PBXProject;
			attributes = {
				LastSwiftUpdateCheck = 0910;
				LastUpgradeCheck = 0910;
				ORGANIZATIONNAME = "Nevaan Perera";
				TargetAttributes = {
					F5D211451FCAFE0400FB5869 = {
						CreatedOnToolsVersion = 9.1;
						ProvisioningStyle = Automatic;
					};
				};
			};
			buildConfigurationList = F5D211411FCAFE0400FB5869 /* Build configuration list for PBXProject "2PlayerDice" */;
			compatibilityVersion = "Xcode 8.0";
			developmentRegion = en;
			hasScannedForEncodings = 0;
			knownRegions = (
				en,
				Base,
			);
			mainGroup = F5D2113D1FCAFE0400FB5869;
			productRefGroup = F5D211471FCAFE0400FB5869 /* Products */;
			projectDirPath = "";
			projectRoot = "";
			targets = (
				F5D211451FCAFE0400FB5869 /* 2PlayerDice */,
			);
		};
/* End PBXProject section */

/* Begin PBXResourcesBuildPhase section */
		F5D211441FCAFE0400FB5869 /* Resources */ = {
			isa = PBXResourcesBuildPhase;
			buildActionMask = 2147483647;
			files = (
				F5D211541FCAFE0400FB5869 /* LaunchScreen.storyboard in Resources */,
				F5D211511FCAFE0400FB5869 /* Assets.xcassets in Resources */,
				F5D2114F1FCAFE0400FB5869 /* Main.storyboard in Resources */,
			);
			runOnlyForDeploymentPostprocessing = 0;
		};
/* End PBXResourcesBuildPhase section */

/* Begin PBXSourcesBuildPhase section */
		F5D211421FCAFE0400FB5869 /* Sources */ = {
			isa = PBXSourcesBuildPhase;
			buildActionMask = 2147483647;
			files = (
				F5D211611FCB462600FB5869 /* Player.swift in Sources */,
				F5D211631FCB4A0F00FB5869 /* Game.swift in Sources */,
				F5D2114C1FCAFE0400FB5869 /* ViewController.swift in Sources */,
				F5D2115F1FCB3FD600FB5869 /* Dice.swift in Sources */,
				F5D2114A1FCAFE0400FB5869 /* AppDelegate.swift in Sources */,
			);
			runOnlyForDeploymentPostprocessing = 0;
		};
/* End PBXSourcesBuildPhase section */

/* Begin PBXVariantGroup section */
		F5D2114D1FCAFE0400FB5869 /* Main.storyboard */ = {
			isa = PBXVariantGroup;
			children = (
				F5D2114E1FCAFE0400FB5869 /* Base */,
			);
			name = Main.storyboard;
			sourceTree = "<group>";
		};
		F5D211521FCAFE0400FB5869 /* LaunchScreen.storyboard */ = {
			isa = PBXVariantGroup;
			children = (
				F5D211531FCAFE0400FB5869 /* Base */,
			);
			name = LaunchScreen.storyboard;
			sourceTree = "<group>";
		};
/* End PBXVariantGroup section */

/* Begin XCBuildConfiguration section */
		F5D211561FCAFE0400FB5869 /* Debug */ = {
			isa = XCBuildConfiguration;
			buildSettings = {
				ALWAYS_SEARCH_USER_PATHS = NO;
				CLANG_ANALYZER_NONNULL = YES;
				CLANG_ANALYZER_NUMBER_OBJECT_CONVERSION = YES_AGGRESSIVE;
				CLANG_CXX_LANGUAGE_STANDARD = "gnu++14";
				CLANG_CXX_LIBRARY = "libc++";
				CLANG_ENABLE_MODULES = YES;
				CLANG_ENABLE_OBJC_ARC = YES;
				CLANG_WARN_BLOCK_CAPTURE_AUTORELEASING = YES;
				CLANG_WARN_BOOL_CONVERSION = YES;
				CLANG_WARN_COMMA = YES;
				CLANG_WARN_CONSTANT_CONVERSION = YES;
				CLANG_WARN_DIRECT_OBJC_ISA_USAGE = YES_ERROR;
				CLANG_WARN_DOCUMENTATION_COMMENTS = YES;
				CLANG_WARN_EMPTY_BODY = YES;
				CLANG_WARN_ENUM_CONVERSION = YES;
				CLANG_WARN_INFINITE_RECURSION = YES;
				CLANG_WARN_INT_CONVERSION = YES;
				CLANG_WARN_NON_LITERAL_NULL_CONVERSION = YES;
				CLANG_WARN_OBJC_LITERAL_CONVERSION = YES;
				CLANG_WARN_OBJC_ROOT_CLASS = YES_ERROR;
				CLANG_WARN_RANGE_LOOP_ANALYSIS = YES;
				CLANG_WARN_STRICT_PROTOTYPES = YES;
				CLANG_WARN_SUSPICIOUS_MOVE = YES;
				CLANG_WARN_UNGUARDED_AVAILABILITY = YES_AGGRESSIVE;
				CLANG_WARN_UNREACHABLE_CODE = YES;
				CLANG_WARN__DUPLICATE_METHOD_MATCH = YES;
				CODE_SIGN_IDENTITY = "iPhone Developer";
				COPY_PHASE_STRIP = NO;
				DEBUG_INFORMATION_FORMAT = dwarf;
				ENABLE_STRICT_OBJC_MSGSEND = YES;
				ENABLE_TESTABILITY = YES;
				GCC_C_LANGUAGE_STANDARD = gnu11;
				GCC_DYNAMIC_NO_PIC = NO;
				GCC_NO_COMMON_BLOCKS = YES;
				GCC_OPTIMIZATION_LEVEL = 0;
				GCC_PREPROCESSOR_DEFINITIONS = (
					"DEBUG=1",
					"$(inherited)",
				);
				GCC_WARN_64_TO_32_BIT_CONVERSION = YES;
				GCC_WARN_ABOUT_RETURN_TYPE = YES_ERROR;
				GCC_WARN_UNDECLARED_SELECTOR = YES;
				GCC_WARN_UNINITIALIZED_AUTOS = YES_AGGRESSIVE;
				GCC_WARN_UNUSED_FUNCTION = YES;
				GCC_WARN_UNUSED_VARIABLE = YES;
				IPHONEOS_DEPLOYMENT_TARGET = 11.1;
				MTL_ENABLE_DEBUG_INFO = YES;
				ONLY_ACTIVE_ARCH = YES;
				SDKROOT = iphoneos;
				SWIFT_ACTIVE_COMPILATION_CONDITIONS = DEBUG;
				SWIFT_OPTIMIZATION_LEVEL = "-Onone";
			};
			name = Debug;
		};
		F5D211571FCAFE0400FB5869 /* Release */ = {
			isa = XCBuildConfiguration;
			buildSettings = {
				ALWAYS_SEARCH_USER_PATHS = NO;
				CLANG_ANALYZER_NONNULL = YES;
				CLANG_ANALYZER_NUMBER_OBJECT_CONVERSION = YES_AGGRESSIVE;
				CLANG_CXX_LANGUAGE_STANDARD = "gnu++14";
				CLANG_CXX_LIBRARY = "libc++";
				CLANG_ENABLE_MODULES = YES;
				CLANG_ENABLE_OBJC_ARC = YES;
				CLANG_WARN_BLOCK_CAPTURE_AUTORELEASING = YES;
				CLANG_WARN_BOOL_CONVERSION = YES;
				CLANG_WARN_COMMA = YES;
				CLANG_WARN_CONSTANT_CONVERSION = YES;
				CLANG_WARN_DIRECT_OBJC_ISA_USAGE = YES_ERROR;
				CLANG_WARN_DOCUMENTATION_COMMENTS = YES;
				CLANG_WARN_EMPTY_BODY = YES;
				CLANG_WARN_ENUM_CONVERSION = YES;
				CLANG_WARN_INFINITE_RECURSION = YES;
				CLANG_WARN_INT_CONVERSION = YES;
				CLANG_WARN_NON_LITERAL_NULL_CONVERSION = YES;
				CLANG_WARN_OBJC_LITERAL_CONVERSION = YES;
				CLANG_WARN_OBJC_ROOT_CLASS = YES_ERROR;
				CLANG_WARN_RANGE_LOOP_ANALYSIS = YES;
				CLANG_WARN_STRICT_PROTOTYPES = YES;
				CLANG_WARN_SUSPICIOUS_MOVE = YES;
				CLANG_WARN_UNGUARDED_AVAILABILITY = YES_AGGRESSIVE;
				CLANG_WARN_UNREACHABLE_CODE = YES;
				CLANG_WARN__DUPLICATE_METHOD_MATCH = YES;
				CODE_SIGN_IDENTITY = "iPhone Developer";
				COPY_PHASE_STRIP = NO;
				DEBUG_INFORMATION_FORMAT = "dwarf-with-dsym";
				ENABLE_NS_ASSERTIONS = NO;
				ENABLE_STRICT_OBJC_MSGSEND = YES;
				GCC_C_LANGUAGE_STANDARD = gnu11;
				GCC_NO_COMMON_BLOCKS = YES;
				GCC_WARN_64_TO_32_BIT_CONVERSION = YES;
				GCC_WARN_ABOUT_RETURN_TYPE = YES_ERROR;
				GCC_WARN_UNDECLARED_SELECTOR = YES;
				GCC_WARN_UNINITIALIZED_AUTOS = YES_AGGRESSIVE;
				GCC_WARN_UNUSED_FUNCTION = YES;
				GCC_WARN_UNUSED_VARIABLE = YES;
				IPHONEOS_DEPLOYMENT_TARGET = 11.1;
				MTL_ENABLE_DEBUG_INFO = NO;
				SDKROOT = iphoneos;
				SWIFT_OPTIMIZATION_LEVEL = "-Owholemodule";
				VALIDATE_PRODUCT = YES;
			};
			name = Release;
		};
		F5D211591FCAFE0400FB5869 /* Debug */ = {
			isa = XCBuildConfiguration;
			buildSettings = {
				ASSETCATALOG_COMPILER_APPICON_NAME = AppIcon;
				CODE_SIGN_STYLE = Automatic;
				DEVELOPMENT_TEAM = 875DX9JNK2;
				INFOPLIST_FILE = 2PlayerDice/Info.plist;
				LD_RUNPATH_SEARCH_PATHS = "$(inherited) @executable_path/Frameworks";
				PRODUCT_BUNDLE_IDENTIFIER = "com.nevaanperera.-PlayerDice";
				PRODUCT_NAME = "$(TARGET_NAME)";
				SWIFT_VERSION = 4.0;
				TARGETED_DEVICE_FAMILY = 1;
			};
			name = Debug;
		};
		F5D2115A1FCAFE0400FB5869 /* Release */ = {
			isa = XCBuildConfiguration;
			buildSettings = {
				ASSETCATALOG_COMPILER_APPICON_NAME = AppIcon;
				CODE_SIGN_STYLE = Automatic;
				DEVELOPMENT_TEAM = 875DX9JNK2;
				INFOPLIST_FILE = 2PlayerDice/Info.plist;
				LD_RUNPATH_SEARCH_PATHS = "$(inherited) @executable_path/Frameworks";
				PRODUCT_BUNDLE_IDENTIFIER = "com.nevaanperera.-PlayerDice";
				PRODUCT_NAME = "$(TARGET_NAME)";
				SWIFT_VERSION = 4.0;
				TARGETED_DEVICE_FAMILY = 1;
			};
			name = Release;
		};
/* End XCBuildConfiguration section */

/* Begin XCConfigurationList section */
		F5D211411FCAFE0400FB5869 /* Build configuration list for PBXProject "2PlayerDice" */ = {
			isa = XCConfigurationList;
			buildConfigurations = (
				F5D211561FCAFE0400FB5869 /* Debug */,
				F5D211571FCAFE0400FB5869 /* Release */,
			);
			defaultConfigurationIsVisible = 0;
			defaultConfigurationName = Release;
		};
		F5D211581FCAFE0400FB5869 /* Build configuration list for PBXNativeTarget "2PlayerDice" */ = {
			isa = XCConfigurationList;
			buildConfigurations = (
				F5D211591FCAFE0400FB5869 /* Debug */,
				F5D2115A1FCAFE0400FB5869 /* Release */,
			);
			defaultConfigurationIsVisible = 0;
			defaultConfigurationName = Release;
		};
/* End XCConfigurationList section */
	};
	rootObject = F5D2113E1FCAFE0400FB5869 /* Project object */;
}
